
Microsoft Visual Studio Solution File, Format Version 12.00
# Visual Studio Version 16
VisualStudioVersion = 16.0.30523.141
MinimumVisualStudioVersion = 10.0.40219.1
Project("{8BC9CEB8-8B4A-11D0-8D11-00A0C91BC942}") = "Lab_8.1(1)", "Lab_8.1(1)\Lab_8.1(1).vcxproj", "{0E16916C-E253-4EE5-BDFD-41BD92DAA6E1}"
EndProject
Project("{8BC9CEB8-8B4A-11D0-8D11-00A0C91BC942}") = "UnitTest(Lab_8.1(1))", "UnitTest(Lab_8.1(1))\UnitTest(Lab_8.1(1)).vcxproj", "{590EA433-5B40-4161-B35C-C0444D54982F}"
EndProject
Global
	GlobalSection(SolutionConfigurationPlatforms) = preSolution
		Debug|x64 = Debug|x64
		Debug|x86 = Debug|x86
		Release|x64 = Release|x64
		Release|x86 = Release|x86
	EndGlobalSection
	GlobalSection(ProjectConfigurationPlatforms) = postSolution
		{0E16916C-E253-4EE5-BDFD-41BD92DAA6E1}.Debug|x64.ActiveCfg = Debug|x64
		{0E16916C-E253-4EE5-BDFD-41BD92DAA6E1}.Debug|x64.Build.0 = Debug|x64
		{0E16916C-E253-4EE5-BDFD-41BD92DAA6E1}.Debug|x86.ActiveCfg = Debug|Win32
		{0E16916C-E253-4EE5-BDFD-41BD92DAA6E1}.Debug|x86.Build.0 = Debug|Win32
		{0E16916C-E253-4EE5-BDFD-41BD92DAA6E1}.Release|x64.ActiveCfg = Release|x64
		{0E16916C-E253-4EE5-BDFD-41BD92DAA6E1}.Release|x64.Build.0 = Release|x64
		{0E16916C-E253-4EE5-BDFD-41BD92DAA6E1}.Release|x86.ActiveCfg = Release|Win32
		{0E16916C-E253-4EE5-BDFD-41BD92DAA6E1}.Release|x86.Build.0 = Release|Win32
		{590EA433-5B40-4161-B35C-C0444D54982F}.Debug|x64.ActiveCfg = Debug|x64
		{590EA433-5B40-4161-B35C-C0444D54982F}.Debug|x64.Build.0 = Debug|x64
		{590EA433-5B40-4161-B35C-C0444D54982F}.Debug|x86.ActiveCfg = Debug|Win32
		{590EA433-5B40-4161-B35C-C0444D54982F}.Debug|x86.Build.0 = Debug|Win32
		{590EA433-5B40-4161-B35C-C0444D54982F}.Release|x64.ActiveCfg = Release|x64
		{590EA433-5B40-4161-B35C-C0444D54982F}.Release|x64.Build.0 = Release|x64
		{590EA433-5B40-4161-B35C-C0444D54982F}.Release|x86.ActiveCfg = Release|Win32
		{590EA433-5B40-4161-B35C-C0444D54982F}.Release|x86.Build.0 = Release|Win32
	EndGlobalSection
	GlobalSection(SolutionProperties) = preSolution
		HideSolutionNode = FALSE
	EndGlobalSection
	GlobalSection(ExtensibilityGlobals) = postSolution
		SolutionGuid = {2C5F1579-0020-425D-A7E2-707E3075F988}
	EndGlobalSection
EndGlobal
